
Microsoft Visual Studio Solution File, Format Version 12.00
# Visual Studio Version 17
VisualStudioVersion = 17.8.34525.116
MinimumVisualStudioVersion = 10.0.40219.1
Project("{FAE04EC0-301F-11D3-BF4B-00C04F79EFBC}") = "AudioPlayer", "AudioPlayer\AudioPlayer.csproj", "{3C973DA9-BF16-4833-904C-B2EA7D3F5E17}"
EndProject
Global
	GlobalSection(SolutionConfigurationPlatforms) = preSolution
		Debug|Any CPU = Debug|Any CPU
		Release|Any CPU = Release|Any CPU
	EndGlobalSection
	GlobalSection(ProjectConfigurationPlatforms) = postSolution
		{3C973DA9-BF16-4833-904C-B2EA7D3F5E17}.Debug|Any CPU.ActiveCfg = Debug|Any CPU
		{3C973DA9-BF16-4833-904C-B2EA7D3F5E17}.Debug|Any CPU.Build.0 = Debug|Any CPU
		{3C973DA9-BF16-4833-904C-B2EA7D3F5E17}.Release|Any CPU.ActiveCfg = Release|Any CPU
		{3C973DA9-BF16-4833-904C-B2EA7D3F5E17}.Release|Any CPU.Build.0 = Release|Any CPU
	EndGlobalSection
	GlobalSection(SolutionProperties) = preSolution
		HideSolutionNode = FALSE
	EndGlobalSection
	GlobalSection(ExtensibilityGlobals) = postSolution
		SolutionGuid = {F068523A-A7C6-4C39-9376-012E648BD58F}
	EndGlobalSection
EndGlobal
